
Microsoft Visual Studio Solution File, Format Version 12.00
# Visual Studio Version 17
VisualStudioVersion = 17.5.33516.290
MinimumVisualStudioVersion = 10.0.40219.1
Project("{9A19103F-16F7-4668-BE54-9A1E7A4F7556}") = "MyAllShop", "MyAllShop\MyAllShop.csproj", "{E36B587C-409C-4C7A-B7E1-804169F137BF}"
EndProject
Project("{FAE04EC0-301F-11D3-BF4B-00C04F79EFBC}") = "MyAllShop.Data", "MyAllShop.Data\MyAllShop.Data.csproj", "{A57DF852-B9CA-4D9C-AE06-B79C638E0871}"
EndProject
Global
	GlobalSection(SolutionConfigurationPlatforms) = preSolution
		Debug|Any CPU = Debug|Any CPU
		Release|Any CPU = Release|Any CPU
	EndGlobalSection
	GlobalSection(ProjectConfigurationPlatforms) = postSolution
		{E36B587C-409C-4C7A-B7E1-804169F137BF}.Debug|Any CPU.ActiveCfg = Debug|Any CPU
		{E36B587C-409C-4C7A-B7E1-804169F137BF}.Debug|Any CPU.Build.0 = Debug|Any CPU
		{E36B587C-409C-4C7A-B7E1-804169F137BF}.Release|Any CPU.ActiveCfg = Release|Any CPU
		{E36B587C-409C-4C7A-B7E1-804169F137BF}.Release|Any CPU.Build.0 = Release|Any CPU
		{A57DF852-B9CA-4D9C-AE06-B79C638E0871}.Debug|Any CPU.ActiveCfg = Debug|Any CPU
		{A57DF852-B9CA-4D9C-AE06-B79C638E0871}.Debug|Any CPU.Build.0 = Debug|Any CPU
		{A57DF852-B9CA-4D9C-AE06-B79C638E0871}.Release|Any CPU.ActiveCfg = Release|Any CPU
		{A57DF852-B9CA-4D9C-AE06-B79C638E0871}.Release|Any CPU.Build.0 = Release|Any CPU
	EndGlobalSection
	GlobalSection(SolutionProperties) = preSolution
		HideSolutionNode = FALSE
	EndGlobalSection
	GlobalSection(ExtensibilityGlobals) = postSolution
		SolutionGuid = {1C297D46-133B-4706-A764-526038A2C597}
	EndGlobalSection
EndGlobal
